
Microsoft Visual Studio Solution File, Format Version 12.00
# Visual Studio Version 17
VisualStudioVersion = 17.4.33213.308
MinimumVisualStudioVersion = 10.0.40219.1
Project("{FAE04EC0-301F-11D3-BF4B-00C04F79EFBC}") = "Weekend2", "Weekend2\Weekend2.csproj", "{56D0B469-99F2-47A5-A242-B08A2AD5BD77}"
EndProject
Global
	GlobalSection(SolutionConfigurationPlatforms) = preSolution
		Debug|Any CPU = Debug|Any CPU
		Release|Any CPU = Release|Any CPU
	EndGlobalSection
	GlobalSection(ProjectConfigurationPlatforms) = postSolution
		{56D0B469-99F2-47A5-A242-B08A2AD5BD77}.Debug|Any CPU.ActiveCfg = Debug|Any CPU
		{56D0B469-99F2-47A5-A242-B08A2AD5BD77}.Debug|Any CPU.Build.0 = Debug|Any CPU
		{56D0B469-99F2-47A5-A242-B08A2AD5BD77}.Release|Any CPU.ActiveCfg = Release|Any CPU
		{56D0B469-99F2-47A5-A242-B08A2AD5BD77}.Release|Any CPU.Build.0 = Release|Any CPU
	EndGlobalSection
	GlobalSection(SolutionProperties) = preSolution
		HideSolutionNode = FALSE
	EndGlobalSection
	GlobalSection(ExtensibilityGlobals) = postSolution
		SolutionGuid = {061B8BDA-B3FB-478F-B5AA-BA42DA6B9587}
	EndGlobalSection
EndGlobal
